
Microsoft Visual Studio Solution File, Format Version 12.00
Project("{FAE04EC0-301F-11D3-BF4B-00C04F79EFBC}") = "GenericAlgorithm", "GenericAlgorithm\GenericAlgorithm.csproj", "{CACAF21B-35C3-43AD-9ECC-CB21310B96FA}"
EndProject
Global
	GlobalSection(SolutionConfigurationPlatforms) = preSolution
		Debug|Any CPU = Debug|Any CPU
		Release|Any CPU = Release|Any CPU
	EndGlobalSection
	GlobalSection(ProjectConfigurationPlatforms) = postSolution
		{CACAF21B-35C3-43AD-9ECC-CB21310B96FA}.Debug|Any CPU.ActiveCfg = Debug|Any CPU
		{CACAF21B-35C3-43AD-9ECC-CB21310B96FA}.Debug|Any CPU.Build.0 = Debug|Any CPU
		{CACAF21B-35C3-43AD-9ECC-CB21310B96FA}.Release|Any CPU.ActiveCfg = Release|Any CPU
		{CACAF21B-35C3-43AD-9ECC-CB21310B96FA}.Release|Any CPU.Build.0 = Release|Any CPU
	EndGlobalSection
EndGlobal
